github.com/tomleb/frameworks-automation-norman v0.8.0 h1:75jlxub2oTIeawQMTGXbohcO+A9rnr68eo0U/TPVm2g=
github.com/tomleb/frameworks-automation-norman v0.8.0/go.mod h1:J7cdRKjAXaIJiOtE1PTthqnmbvrTbDotQjBmMq96w+k=
github.com/tomleb/frameworks-automation-steve v0.7.4 h1:Y1Q7Zi88DhTZYF6cPEenDeST5kZO4TNkJ+OQSvOCkNc=
github.com/tomleb/frameworks-automation-steve v0.7.4/go.mod h1:4nvQPeXKX86TuPQbeRks+OborOyft5YsEqn0YFkB/pw=
github.com/tomleb/frameworks-automation-webhook v0.7.0 h1:/3LoDVoNBrvj93etEvmWhaRc4hz4NJOAUKI/mrY0ORs=
github.com/tomleb/frameworks-automation-webhook v0.7.0/go.mod h1:MTQ1GwFsmuorS+f6gOCkrx1qk6LVRHWDn7I3/+1MiwE=
github.com/tomleb/frameworks-automation-wrangler v0.5.3 h1:NxGSD9+nj5q1Ag3mh5bONdx8H7GaLNoHGVM4BrxQ2Y0=
github.com/tomleb/frameworks-automation-wrangler v0.5.3/go.mod h1:8mMgUgV9vfb1nkSN7LC9Y1V7azkyLYvH46eSSdK3LaU=
