github.com/tomleb/frameworks-automation-steve v0.7.2 h1:qH6YAFnw1WV7dvZYJBkmrEXXEbngo114xkbTQ47j+cI=
github.com/tomleb/frameworks-automation-steve v0.7.2/go.mod h1:9vZDIEL6nNdqakKAexK7OFtMb5X0bRCFw/+K41GZR3U=
github.com/tomleb/frameworks-automation-wrangler v0.5.0 h1:O6+UIdwWaHj/zYW0cUjI2j7U4GzUOkMoWZ669p3WBJc=
github.com/tomleb/frameworks-automation-wrangler v0.5.0/go.mod h1:8mMgUgV9vfb1nkSN7LC9Y1V7azkyLYvH46eSSdK3LaU=
